
Microsoft Visual Studio Solution File, Format Version 12.00
# Visual Studio 2013
VisualStudioVersion = 12.0.31101.0
MinimumVisualStudioVersion = 10.0.40219.1
Project("{FAE04EC0-301F-11D3-BF4B-00C04F79EFBC}") = "MyTestApplicationEmber.BusinessServers", "BusinessServers\MyTestApplicationEmber.BusinessServers.csproj", "{3FD49EFB-6898-4F23-876E-76265A70DF15}"
EndProject
Project("{FAE04EC0-301F-11D3-BF4B-00C04F79EFBC}") = "MyTestApplicationEmber.Objects", "Objects\MyTestApplicationEmber.Objects.csproj", "{3B09794F-01B8-4F1E-82C1-41C301562297}"
EndProject
Project("{FAE04EC0-301F-11D3-BF4B-00C04F79EFBC}") = "MyTestApplicationEmber.ODataBackend", "ODataBackend\MyTestApplicationEmber.ODataBackend.csproj", "{2DD02808-69E7-4AA5-B18A-4503E59BEC74}"
EndProject
Global
	GlobalSection(SolutionConfigurationPlatforms) = preSolution
Debug|Any CPU = Debug|Any CPU
Release|Any CPU = Release|Any CPU
	EndGlobalSection
	GlobalSection(ProjectConfigurationPlatforms) = postSolution
		{3FD49EFB-6898-4F23-876E-76265A70DF15}.Debug|Any CPU.ActiveCfg = Debug|Any CPU
		{3FD49EFB-6898-4F23-876E-76265A70DF15}.Debug|Any CPU.Build.0 = Debug|Any CPU
		{3FD49EFB-6898-4F23-876E-76265A70DF15}.Release|Any CPU.ActiveCfg = Release|Any CPU
		{3FD49EFB-6898-4F23-876E-76265A70DF15}.Release|Any CPU.Build.0 = Release|Any CPU
		{3B09794F-01B8-4F1E-82C1-41C301562297}.Debug|Any CPU.ActiveCfg = Debug|Any CPU
		{3B09794F-01B8-4F1E-82C1-41C301562297}.Debug|Any CPU.Build.0 = Debug|Any CPU
		{3B09794F-01B8-4F1E-82C1-41C301562297}.Release|Any CPU.ActiveCfg = Release|Any CPU
		{3B09794F-01B8-4F1E-82C1-41C301562297}.Release|Any CPU.Build.0 = Release|Any CPU
		{2DD02808-69E7-4AA5-B18A-4503E59BEC74}.Debug|Any CPU.ActiveCfg = Debug|Any CPU
		{2DD02808-69E7-4AA5-B18A-4503E59BEC74}.Debug|Any CPU.Build.0 = Debug|Any CPU
		{2DD02808-69E7-4AA5-B18A-4503E59BEC74}.Release|Any CPU.ActiveCfg = Release|Any CPU
		{2DD02808-69E7-4AA5-B18A-4503E59BEC74}.Release|Any CPU.Build.0 = Release|Any CPU
	EndGlobalSection
	GlobalSection(SolutionProperties) = preSolution
		HideSolutionNode = FALSE
	EndGlobalSection
EndGlobal
